
Microsoft Visual Studio Solution File, Format Version 12.00
# Visual Studio Version 16
VisualStudioVersion = 16.0.31025.194
MinimumVisualStudioVersion = 10.0.40219.1
Project("{FAE04EC0-301F-11D3-BF4B-00C04F79EFBC}") = "FlappyBird", "FlappyBird\FlappyBird.csproj", "{91EA6120-1B96-4B77-8E3B-E13EC3EE7648}"
EndProject
Global
	GlobalSection(SolutionConfigurationPlatforms) = preSolution
		Debug|Any CPU = Debug|Any CPU
		Release|Any CPU = Release|Any CPU
	EndGlobalSection
	GlobalSection(ProjectConfigurationPlatforms) = postSolution
		{91EA6120-1B96-4B77-8E3B-E13EC3EE7648}.Debug|Any CPU.ActiveCfg = Debug|Any CPU
		{91EA6120-1B96-4B77-8E3B-E13EC3EE7648}.Debug|Any CPU.Build.0 = Debug|Any CPU
		{91EA6120-1B96-4B77-8E3B-E13EC3EE7648}.Release|Any CPU.ActiveCfg = Release|Any CPU
		{91EA6120-1B96-4B77-8E3B-E13EC3EE7648}.Release|Any CPU.Build.0 = Release|Any CPU
	EndGlobalSection
	GlobalSection(SolutionProperties) = preSolution
		HideSolutionNode = FALSE
	EndGlobalSection
	GlobalSection(ExtensibilityGlobals) = postSolution
		SolutionGuid = {32F5789D-E337-4C3C-8818-ED5C08B93E1F}
	EndGlobalSection
EndGlobal
